
Microsoft Visual Studio Solution File, Format Version 12.00
# Visual Studio 15
Project("{FAE04EC0-301F-11D3-BF4B-00C04F79EFBC}") = "Assembly-CSharp-firstpass", "Assembly-CSharp-firstpass.csproj", "{D21D02E5-41B4-5231-34C5-E39C40F41D23}"
EndProject
Project("{FAE04EC0-301F-11D3-BF4B-00C04F79EFBC}") = "Assembly-CSharp", "Assembly-CSharp.csproj", "{4592E66B-0D84-53D5-837F-6D6C8CDDF489}"
EndProject
Global
	GlobalSection(SolutionConfigurationPlatforms) = preSolution
		Debug|Any CPU = Debug|Any CPU
		Release|Any CPU = Release|Any CPU
	EndGlobalSection
	GlobalSection(ProjectConfigurationPlatforms) = postSolution
		{D21D02E5-41B4-5231-34C5-E39C40F41D23}.Debug|Any CPU.ActiveCfg = Debug|Any CPU
		{D21D02E5-41B4-5231-34C5-E39C40F41D23}.Debug|Any CPU.Build.0 = Debug|Any CPU
		{D21D02E5-41B4-5231-34C5-E39C40F41D23}.Release|Any CPU.ActiveCfg = Release|Any CPU
		{D21D02E5-41B4-5231-34C5-E39C40F41D23}.Release|Any CPU.Build.0 = Release|Any CPU
		{4592E66B-0D84-53D5-837F-6D6C8CDDF489}.Debug|Any CPU.ActiveCfg = Debug|Any CPU
		{4592E66B-0D84-53D5-837F-6D6C8CDDF489}.Debug|Any CPU.Build.0 = Debug|Any CPU
		{4592E66B-0D84-53D5-837F-6D6C8CDDF489}.Release|Any CPU.ActiveCfg = Release|Any CPU
		{4592E66B-0D84-53D5-837F-6D6C8CDDF489}.Release|Any CPU.Build.0 = Release|Any CPU
	EndGlobalSection
	GlobalSection(SolutionProperties) = preSolution
		HideSolutionNode = FALSE
	EndGlobalSection
EndGlobal
